
Microsoft Visual Studio Solution File, Format Version 12.00
# Visual Studio 14
VisualStudioVersion = 14.0.24720.0
MinimumVisualStudioVersion = 10.0.40219.1
Project("{FAE04EC0-301F-11D3-BF4B-00C04F79EFBC}") = "TraveloggiaPro", "source\TraveloggiaPro.csproj", "{271D3EA9-42F5-40F8-A150-E08D23D3EAD0}"
EndProject
Project("{FAE04EC0-301F-11D3-BF4B-00C04F79EFBC}") = "TraveloggiaREST", "..\TraveloggiaVServices\TraveloggiaREST.csproj", "{57A27B4E-E1A3-4B9D-93F6-38B55163DFC7}"
EndProject
Global
	GlobalSection(SolutionConfigurationPlatforms) = preSolution
		Debug|Any CPU = Debug|Any CPU
		Release|Any CPU = Release|Any CPU
	EndGlobalSection
	GlobalSection(ProjectConfigurationPlatforms) = postSolution
		{271D3EA9-42F5-40F8-A150-E08D23D3EAD0}.Debug|Any CPU.ActiveCfg = Debug|Any CPU
		{271D3EA9-42F5-40F8-A150-E08D23D3EAD0}.Debug|Any CPU.Build.0 = Debug|Any CPU
		{271D3EA9-42F5-40F8-A150-E08D23D3EAD0}.Release|Any CPU.ActiveCfg = Release|Any CPU
		{271D3EA9-42F5-40F8-A150-E08D23D3EAD0}.Release|Any CPU.Build.0 = Release|Any CPU
		{57A27B4E-E1A3-4B9D-93F6-38B55163DFC7}.Debug|Any CPU.ActiveCfg = Debug|Any CPU
		{57A27B4E-E1A3-4B9D-93F6-38B55163DFC7}.Debug|Any CPU.Build.0 = Debug|Any CPU
		{57A27B4E-E1A3-4B9D-93F6-38B55163DFC7}.Release|Any CPU.ActiveCfg = Release|Any CPU
		{57A27B4E-E1A3-4B9D-93F6-38B55163DFC7}.Release|Any CPU.Build.0 = Release|Any CPU
	EndGlobalSection
	GlobalSection(SolutionProperties) = preSolution
		HideSolutionNode = FALSE
	EndGlobalSection
EndGlobal
